
Microsoft Visual Studio Solution File, Format Version 12.00
# Visual Studio Version 17
VisualStudioVersion = 17.5.002.0
MinimumVisualStudioVersion = 10.0.40219.1
Project("{9A19103F-16F7-4668-BE54-9A1E7A4F7556}") = "PodcastsHosting", "PodcastsHosting.csproj", "{D4DFD94B-D9DE-4543-B5F2-EE64357A0AFF}"
EndProject
Global
	GlobalSection(SolutionConfigurationPlatforms) = preSolution
		Debug|Any CPU = Debug|Any CPU
		Release|Any CPU = Release|Any CPU
	EndGlobalSection
	GlobalSection(ProjectConfigurationPlatforms) = postSolution
		{D4DFD94B-D9DE-4543-B5F2-EE64357A0AFF}.Debug|Any CPU.ActiveCfg = Debug|Any CPU
		{D4DFD94B-D9DE-4543-B5F2-EE64357A0AFF}.Debug|Any CPU.Build.0 = Debug|Any CPU
		{D4DFD94B-D9DE-4543-B5F2-EE64357A0AFF}.Release|Any CPU.ActiveCfg = Release|Any CPU
		{D4DFD94B-D9DE-4543-B5F2-EE64357A0AFF}.Release|Any CPU.Build.0 = Release|Any CPU
	EndGlobalSection
	GlobalSection(SolutionProperties) = preSolution
		HideSolutionNode = FALSE
	EndGlobalSection
	GlobalSection(ExtensibilityGlobals) = postSolution
		SolutionGuid = {E99413DC-80E3-4274-8783-147B12FC46D6}
	EndGlobalSection
EndGlobal
